
Microsoft Visual Studio Solution File, Format Version 12.00
# Visual Studio Version 16
VisualStudioVersion = 16.0.30907.101
MinimumVisualStudioVersion = 10.0.40219.1
Project("{9A19103F-16F7-4668-BE54-9A1E7A4F7556}") = "_08-Goods_Orders", "08-Goods_Orders\_08-Goods_Orders.csproj", "{23E58EC1-0CA6-4E1C-B45E-DECB6E641D67}"
EndProject
Global
	GlobalSection(SolutionConfigurationPlatforms) = preSolution
		Debug|Any CPU = Debug|Any CPU
		Release|Any CPU = Release|Any CPU
	EndGlobalSection
	GlobalSection(ProjectConfigurationPlatforms) = postSolution
		{23E58EC1-0CA6-4E1C-B45E-DECB6E641D67}.Debug|Any CPU.ActiveCfg = Debug|Any CPU
		{23E58EC1-0CA6-4E1C-B45E-DECB6E641D67}.Debug|Any CPU.Build.0 = Debug|Any CPU
		{23E58EC1-0CA6-4E1C-B45E-DECB6E641D67}.Release|Any CPU.ActiveCfg = Release|Any CPU
		{23E58EC1-0CA6-4E1C-B45E-DECB6E641D67}.Release|Any CPU.Build.0 = Release|Any CPU
	EndGlobalSection
	GlobalSection(SolutionProperties) = preSolution
		HideSolutionNode = FALSE
	EndGlobalSection
	GlobalSection(ExtensibilityGlobals) = postSolution
		SolutionGuid = {866B7F5D-149E-4FB8-82D7-EB04E8C7B6A6}
	EndGlobalSection
EndGlobal
