
Microsoft Visual Studio Solution File, Format Version 12.00
# Visual Studio Version 16
VisualStudioVersion = 16.0.30907.101
MinimumVisualStudioVersion = 10.0.40219.1
Project("{9A19103F-16F7-4668-BE54-9A1E7A4F7556}") = "Calc", "WebApplication1\Calc.csproj", "{B15E4152-96E9-45BC-A45C-97242AA862B1}"
EndProject
Global
	GlobalSection(SolutionConfigurationPlatforms) = preSolution
		Debug|Any CPU = Debug|Any CPU
		Release|Any CPU = Release|Any CPU
	EndGlobalSection
	GlobalSection(ProjectConfigurationPlatforms) = postSolution
		{B15E4152-96E9-45BC-A45C-97242AA862B1}.Debug|Any CPU.ActiveCfg = Debug|Any CPU
		{B15E4152-96E9-45BC-A45C-97242AA862B1}.Debug|Any CPU.Build.0 = Debug|Any CPU
		{B15E4152-96E9-45BC-A45C-97242AA862B1}.Release|Any CPU.ActiveCfg = Release|Any CPU
		{B15E4152-96E9-45BC-A45C-97242AA862B1}.Release|Any CPU.Build.0 = Release|Any CPU
	EndGlobalSection
	GlobalSection(SolutionProperties) = preSolution
		HideSolutionNode = FALSE
	EndGlobalSection
	GlobalSection(ExtensibilityGlobals) = postSolution
		SolutionGuid = {A66312A9-EC63-4508-9A33-69D9B56E6606}
	EndGlobalSection
EndGlobal
