
Microsoft Visual Studio Solution File, Format Version 12.00
# Visual Studio Version 16
VisualStudioVersion = 16.0.30907.101
MinimumVisualStudioVersion = 10.0.40219.1
Project("{FAE04EC0-301F-11D3-BF4B-00C04F79EFBC}") = "06-Orders", "06-Orders\06-Orders.csproj", "{AE3975AC-54F0-4D46-A4BD-C71F3F1476C0}"
EndProject
Global
	GlobalSection(SolutionConfigurationPlatforms) = preSolution
		Debug|Any CPU = Debug|Any CPU
		Release|Any CPU = Release|Any CPU
	EndGlobalSection
	GlobalSection(ProjectConfigurationPlatforms) = postSolution
		{AE3975AC-54F0-4D46-A4BD-C71F3F1476C0}.Debug|Any CPU.ActiveCfg = Debug|Any CPU
		{AE3975AC-54F0-4D46-A4BD-C71F3F1476C0}.Debug|Any CPU.Build.0 = Debug|Any CPU
		{AE3975AC-54F0-4D46-A4BD-C71F3F1476C0}.Release|Any CPU.ActiveCfg = Release|Any CPU
		{AE3975AC-54F0-4D46-A4BD-C71F3F1476C0}.Release|Any CPU.Build.0 = Release|Any CPU
	EndGlobalSection
	GlobalSection(SolutionProperties) = preSolution
		HideSolutionNode = FALSE
	EndGlobalSection
	GlobalSection(ExtensibilityGlobals) = postSolution
		SolutionGuid = {EED775F1-304C-4296-B6CA-4FDFEED1F1B3}
	EndGlobalSection
EndGlobal
