
Microsoft Visual Studio Solution File, Format Version 12.00
# Visual Studio Version 16
VisualStudioVersion = 16.0.30907.101
MinimumVisualStudioVersion = 10.0.40219.1
Project("{FAE04EC0-301F-11D3-BF4B-00C04F79EFBC}") = "Calculate", "Calculate\Calculate.csproj", "{C2961217-88B1-4437-8876-DE0A817AA49D}"
EndProject
Global
	GlobalSection(SolutionConfigurationPlatforms) = preSolution
		Debug|Any CPU = Debug|Any CPU
		Release|Any CPU = Release|Any CPU
	EndGlobalSection
	GlobalSection(ProjectConfigurationPlatforms) = postSolution
		{C2961217-88B1-4437-8876-DE0A817AA49D}.Debug|Any CPU.ActiveCfg = Debug|Any CPU
		{C2961217-88B1-4437-8876-DE0A817AA49D}.Debug|Any CPU.Build.0 = Debug|Any CPU
		{C2961217-88B1-4437-8876-DE0A817AA49D}.Release|Any CPU.ActiveCfg = Release|Any CPU
		{C2961217-88B1-4437-8876-DE0A817AA49D}.Release|Any CPU.Build.0 = Release|Any CPU
	EndGlobalSection
	GlobalSection(SolutionProperties) = preSolution
		HideSolutionNode = FALSE
	EndGlobalSection
	GlobalSection(ExtensibilityGlobals) = postSolution
		SolutionGuid = {46C660A2-8962-486A-9942-F8FD757CFC48}
	EndGlobalSection
EndGlobal
